
Microsoft Visual Studio Solution File, Format Version 12.00
# Visual Studio Version 16
VisualStudioVersion = 16.0.30611.23
MinimumVisualStudioVersion = 10.0.40219.1
Project("{9A19103F-16F7-4668-BE54-9A1E7A4F7556}") = "Calculator", "Calculator.csproj", "{0F94A169-B85D-4E4A-A961-50B14D698FCB}"
EndProject
Project("{FAE04EC0-301F-11D3-BF4B-00C04F79EFBC}") = "Calculator_Tests", "..\Calculator_Tests\Calculator_Tests.csproj", "{96CEEBE0-1D6E-43A5-9ADF-94318EE9B03E}"
EndProject
Global
	GlobalSection(SolutionConfigurationPlatforms) = preSolution
		Debug|Any CPU = Debug|Any CPU
		Release|Any CPU = Release|Any CPU
	EndGlobalSection
	GlobalSection(ProjectConfigurationPlatforms) = postSolution
		{0F94A169-B85D-4E4A-A961-50B14D698FCB}.Debug|Any CPU.ActiveCfg = Debug|Any CPU
		{0F94A169-B85D-4E4A-A961-50B14D698FCB}.Debug|Any CPU.Build.0 = Debug|Any CPU
		{0F94A169-B85D-4E4A-A961-50B14D698FCB}.Release|Any CPU.ActiveCfg = Release|Any CPU
		{0F94A169-B85D-4E4A-A961-50B14D698FCB}.Release|Any CPU.Build.0 = Release|Any CPU
		{96CEEBE0-1D6E-43A5-9ADF-94318EE9B03E}.Debug|Any CPU.ActiveCfg = Debug|Any CPU
		{96CEEBE0-1D6E-43A5-9ADF-94318EE9B03E}.Debug|Any CPU.Build.0 = Debug|Any CPU
		{96CEEBE0-1D6E-43A5-9ADF-94318EE9B03E}.Release|Any CPU.ActiveCfg = Release|Any CPU
		{96CEEBE0-1D6E-43A5-9ADF-94318EE9B03E}.Release|Any CPU.Build.0 = Release|Any CPU
	EndGlobalSection
	GlobalSection(SolutionProperties) = preSolution
		HideSolutionNode = FALSE
	EndGlobalSection
	GlobalSection(ExtensibilityGlobals) = postSolution
		SolutionGuid = {FF07F1AB-DB01-4001-A590-0F907B960524}
	EndGlobalSection
EndGlobal
